
Microsoft Visual Studio Solution File, Format Version 12.00
# Visual Studio 15
VisualStudioVersion = 15.0.28307.779
MinimumVisualStudioVersion = 10.0.40219.1
Project("{FAE04EC0-301F-11D3-BF4B-00C04F79EFBC}") = "SchoolManagementSystem", "SchoolManagementSystem\SchoolManagementSystem.csproj", "{E2891947-9846-4C44-9C58-9F5029692A98}"
EndProject
Project("{FAE04EC0-301F-11D3-BF4B-00C04F79EFBC}") = "SchoolManagementSystem.Tests", "SchoolManagementSystem.Tests\SchoolManagementSystem.Tests.csproj", "{587F2831-9A3D-4F4E-A2D5-1FB6D61C8124}"
EndProject
Global
	GlobalSection(SolutionConfigurationPlatforms) = preSolution
		Debug|Any CPU = Debug|Any CPU
		Release|Any CPU = Release|Any CPU
	EndGlobalSection
	GlobalSection(ProjectConfigurationPlatforms) = postSolution
		{E2891947-9846-4C44-9C58-9F5029692A98}.Debug|Any CPU.ActiveCfg = Debug|Any CPU
		{E2891947-9846-4C44-9C58-9F5029692A98}.Debug|Any CPU.Build.0 = Debug|Any CPU
		{E2891947-9846-4C44-9C58-9F5029692A98}.Release|Any CPU.ActiveCfg = Release|Any CPU
		{E2891947-9846-4C44-9C58-9F5029692A98}.Release|Any CPU.Build.0 = Release|Any CPU
		{587F2831-9A3D-4F4E-A2D5-1FB6D61C8124}.Debug|Any CPU.ActiveCfg = Debug|Any CPU
		{587F2831-9A3D-4F4E-A2D5-1FB6D61C8124}.Debug|Any CPU.Build.0 = Debug|Any CPU
		{587F2831-9A3D-4F4E-A2D5-1FB6D61C8124}.Release|Any CPU.ActiveCfg = Release|Any CPU
		{587F2831-9A3D-4F4E-A2D5-1FB6D61C8124}.Release|Any CPU.Build.0 = Release|Any CPU
	EndGlobalSection
	GlobalSection(SolutionProperties) = preSolution
		HideSolutionNode = FALSE
	EndGlobalSection
	GlobalSection(ExtensibilityGlobals) = postSolution
		SolutionGuid = {25187123-47D9-4E0C-B18D-1B7E47566366}
	EndGlobalSection
EndGlobal
